
Microsoft Visual Studio Solution File, Format Version 12.00
# Visual Studio 2012
Project("{E24C65DC-7377-472B-9ABA-BC803B73C61A}") = "Autorizador", "Autorizador\", "{AEF1FB51-687B-4669-95C9-5468B247483C}"
	ProjectSection(WebsiteProperties) = preProject
		TargetFrameworkMoniker = ".NETFramework,Version%3Dv4.0"
		Debug.AspNetCompiler.VirtualPath = "/Autorizador"
		Debug.AspNetCompiler.PhysicalPath = "Autorizador\"
		Debug.AspNetCompiler.TargetPath = "PrecompiledWeb\Autorizador\"
		Debug.AspNetCompiler.Updateable = "true"
		Debug.AspNetCompiler.ForceOverwrite = "true"
		Debug.AspNetCompiler.FixedNames = "false"
		Debug.AspNetCompiler.Debug = "True"
		Release.AspNetCompiler.VirtualPath = "/Autorizador"
		Release.AspNetCompiler.PhysicalPath = "Autorizador\"
		Release.AspNetCompiler.TargetPath = "PrecompiledWeb\Autorizador\"
		Release.AspNetCompiler.Updateable = "true"
		Release.AspNetCompiler.ForceOverwrite = "true"
		Release.AspNetCompiler.FixedNames = "false"
		Release.AspNetCompiler.Debug = "False"
		VWDPort = "1651"
	EndProjectSection
EndProject
Project("{FAE04EC0-301F-11D3-BF4B-00C04F79EFBC}") = "br.com.totaltiss.Autorizador", "br.com.totaltiss.Autorizador\br.com.totaltiss.Autorizador.csproj", "{2F8600DF-4B79-476F-9E45-15E53A30E90C}"
EndProject
Global
	GlobalSection(SolutionConfigurationPlatforms) = preSolution
		Debug|Any CPU = Debug|Any CPU
		Release|Any CPU = Release|Any CPU
	EndGlobalSection
	GlobalSection(ProjectConfigurationPlatforms) = postSolution
		{AEF1FB51-687B-4669-95C9-5468B247483C}.Debug|Any CPU.ActiveCfg = Debug|Any CPU
		{AEF1FB51-687B-4669-95C9-5468B247483C}.Debug|Any CPU.Build.0 = Debug|Any CPU
		{AEF1FB51-687B-4669-95C9-5468B247483C}.Release|Any CPU.ActiveCfg = Debug|Any CPU
		{AEF1FB51-687B-4669-95C9-5468B247483C}.Release|Any CPU.Build.0 = Debug|Any CPU
		{2F8600DF-4B79-476F-9E45-15E53A30E90C}.Debug|Any CPU.ActiveCfg = Debug|Any CPU
		{2F8600DF-4B79-476F-9E45-15E53A30E90C}.Debug|Any CPU.Build.0 = Debug|Any CPU
		{2F8600DF-4B79-476F-9E45-15E53A30E90C}.Release|Any CPU.ActiveCfg = Release|Any CPU
		{2F8600DF-4B79-476F-9E45-15E53A30E90C}.Release|Any CPU.Build.0 = Release|Any CPU
	EndGlobalSection
	GlobalSection(SolutionProperties) = preSolution
		HideSolutionNode = FALSE
	EndGlobalSection
EndGlobal
